{
  "name": "@ivglad/codex-rotor",
  "version": "0.1.0",
  "lockfileVersion": 3,
  "requires": true,
  "packages": {
    "": {
      "name": "@ivglad/codex-rotor",
      "version": "0.1.0",
      "license": "MIT",
      "bin": {
        "codex": "bin/codex.js",
        "codex-rotor": "bin/codex-rotor.js"
      },
      "engines": {
        "node": ">=22"
      }
    }
  }
}
